;;;;;;;;;;;;;;;;;;;;;;;;;;;;;;;;;;;;;;;;;;;;;;;;;;;;;;;;;;;;;;;;;;;;;;;;;;;;;;;;
;; This is autogenerated by CLPM. Do not edit by hand.
;;;;;;;;;;;;;;;;;;;;;;;;;;;;;;;;;;;;;;;;;;;;;;;;;;;;;;;;;;;;;;;;;;;;;;;;;;;;;;;;

(:api-version "0.4")

;;;;;;;;;;;;;;;;;;;;;;;;;;;;;;;;;;;;;;;;;;;;;;;;;;;;;;;;;;;;;;;;;;;;;;;;;;;;;;;;
;; BEGIN SOURCES
;;;;;;;;;;;;;;;;;;;;;;;;;;;;;;;;;;;;;;;;;;;;;;;;;;;;;;;;;;;;;;;;;;;;;;;;;;;;;;;;

:sources
(:implicit-file :type :file-system :system-files ("cl-yaml-test.asd"))
(:implicit-file :type :file-system :system-files ("cl-yaml.asd"))
(:implicit-vcs :type :vcs :projects
 (("trivial-benchmark" :github :path "Shinmera/trivial-benchmark")))
(:implicit-vcs :type :vcs :projects (("cl-fad" :github :path "edicl/cl-fad")))
(:implicit-vcs :type :vcs :projects (("cdr-8" :github :path "Ferada/cdr-8")))
("quicklisp" :url "https://quicklisp.common-lisp-project-index.org/" :type
 :ql-clpi)


;;;;;;;;;;;;;;;;;;;;;;;;;;;;;;;;;;;;;;;;;;;;;;;;;;;;;;;;;;;;;;;;;;;;;;;;;;;;;;;;
;; BEGIN REQUIREMENTS
;;;;;;;;;;;;;;;;;;;;;;;;;;;;;;;;;;;;;;;;;;;;;;;;;;;;;;;;;;;;;;;;;;;;;;;;;;;;;;;;

:requirements
(:asd-file :name "cl-yaml-test.asd")
(:asd-file :name "cl-yaml.asd")
(:project :name "trivial-benchmark" :branch "master" :source :implicit-vcs)
(:project :name "cl-fad" :branch "master" :source :implicit-vcs)
(:project :name "cdr-8" :branch "master" :source :implicit-vcs)


;;;;;;;;;;;;;;;;;;;;;;;;;;;;;;;;;;;;;;;;;;;;;;;;;;;;;;;;;;;;;;;;;;;;;;;;;;;;;;;;
;; BEGIN RELEASES
;;;;;;;;;;;;;;;;;;;;;;;;;;;;;;;;;;;;;;;;;;;;;;;;;;;;;;;;;;;;;;;;;;;;;;;;;;;;;;;;

:releases
("alexandria" :version "2022-07-08" :source "quicklisp" :systems ("alexandria"))
("asdf-flv" :version "2016-04-21" :source "quicklisp" :systems
 ("net.didierverna.asdf-flv"))
("bordeaux-threads" :version "2022-07-08" :source "quicklisp" :systems
 ("bordeaux-threads"))
("cdr-8" :version (:commit "36d06aae6b9ccb54ed4b397a22166a37eeb18da6") :source
 :implicit-vcs :systems ("cdr-8" "cdr-8-tests"))
("cl-fad" :version (:commit "3f4d32d3aa1093966046d001411a852eb8f4b535") :source
 :implicit-vcs :systems ("cl-fad" "cl-fad/test"))
("cl-ppcre" :version "2022-02-20" :source "quicklisp" :systems ("cl-ppcre"))
("cl-yaml-test.asd" :version :newest :source :implicit-file :systems nil)
("cl-yaml.asd" :version :newest :source :implicit-file :systems nil)
("fiveam" :version "2022-04-01" :source "quicklisp" :systems ("fiveam"))
("trivial-backtrace" :version "2020-06-10" :source "quicklisp" :systems
 ("trivial-backtrace"))
("trivial-benchmark" :version
 (:commit "7d132c3d8d937bc17d3ae1fa5872cc069629e2a2") :source :implicit-vcs
 :systems ("trivial-benchmark"))
("unit-test" :version "2012-05-20" :source "quicklisp" :systems ("unit-test"))


;;;;;;;;;;;;;;;;;;;;;;;;;;;;;;;;;;;;;;;;;;;;;;;;;;;;;;;;;;;;;;;;;;;;;;;;;;;;;;;;
;; BEGIN REVERSE-DEPENDENCIES
;;;;;;;;;;;;;;;;;;;;;;;;;;;;;;;;;;;;;;;;;;;;;;;;;;;;;;;;;;;;;;;;;;;;;;;;;;;;;;;;

:reverse-dependencies
("alexandria"
 ((:system :name "trivial-benchmark") (:system :name "alexandria"))
 ((:system :name "fiveam") (:system :name "alexandria"))
 ((:system :name "cl-fad") (:system :name "alexandria"))
 ((:system :name "bordeaux-threads") (:system :name "alexandria")))

("asdf-flv"
 ((:system :name "fiveam") (:system :name "net.didierverna.asdf-flv")))

("bordeaux-threads"
 ((:system :name "cl-fad") (:system :name "bordeaux-threads")))

("cdr-8"
 (t
  (:project :name "cdr-8" :commit "36d06aae6b9ccb54ed4b397a22166a37eeb18da6"
   :source :implicit-vcs)))

("cl-fad" ((:system :name "cl-fad/test") (:system :name "cl-fad"))
 (t
  (:project :name "cl-fad" :commit "3f4d32d3aa1093966046d001411a852eb8f4b535"
   :source :implicit-vcs)))

("cl-ppcre" ((:system :name "cl-fad/test") (:system :name "cl-ppcre")))

("cl-yaml-test.asd" (t (:asd-file :name "cl-yaml-test.asd")))

("cl-yaml.asd" (t (:asd-file :name "cl-yaml.asd")))

("fiveam" ((:system :name "cdr-8-tests") (:system :name "fiveam")))

("trivial-backtrace"
 ((:system :name "fiveam") (:system :name "trivial-backtrace")))

("trivial-benchmark"
 (t
  (:project :name "trivial-benchmark" :branch "master" :source :implicit-vcs)))

("unit-test" ((:system :name "cl-fad/test") (:system :name "unit-test")))

